
Microsoft Visual Studio Solution File, Format Version 12.00
# Visual Studio Version 16
VisualStudioVersion = 16.0.31005.135
MinimumVisualStudioVersion = 10.0.40219.1
Project("{FAE04EC0-301F-11D3-BF4B-00C04F79EFBC}") = "PeopleApplication", "PeopleApplication\PeopleApplication.csproj", "{8C54C00E-FC7F-4BA7-977B-9C315FFCA77F}"
EndProject
Global
	GlobalSection(SolutionConfigurationPlatforms) = preSolution
		Debug|Any CPU = Debug|Any CPU
		Release|Any CPU = Release|Any CPU
	EndGlobalSection
	GlobalSection(ProjectConfigurationPlatforms) = postSolution
		{8C54C00E-FC7F-4BA7-977B-9C315FFCA77F}.Debug|Any CPU.ActiveCfg = Debug|Any CPU
		{8C54C00E-FC7F-4BA7-977B-9C315FFCA77F}.Debug|Any CPU.Build.0 = Debug|Any CPU
		{8C54C00E-FC7F-4BA7-977B-9C315FFCA77F}.Release|Any CPU.ActiveCfg = Release|Any CPU
		{8C54C00E-FC7F-4BA7-977B-9C315FFCA77F}.Release|Any CPU.Build.0 = Release|Any CPU
	EndGlobalSection
	GlobalSection(SolutionProperties) = preSolution
		HideSolutionNode = FALSE
	EndGlobalSection
	GlobalSection(ExtensibilityGlobals) = postSolution
		SolutionGuid = {3E498DD8-75D6-456B-B7BE-20C7ABE03634}
	EndGlobalSection
EndGlobal
